
Microsoft Visual Studio Solution File, Format Version 12.00
# Visual Studio 15
VisualStudioVersion = 15.0.28010.2003
MinimumVisualStudioVersion = 10.0.40219.1
Project("{9A19103F-16F7-4668-BE54-9A1E7A4F7556}") = "BoardGame", "BoardGame\BoardGame.csproj", "{9716E2DF-F880-4488-BF86-3166BA9019C8}"
EndProject
Project("{FAE04EC0-301F-11D3-BF4B-00C04F79EFBC}") = "UnitTests", "PlayerUnitTests.cs\UnitTests.csproj", "{7E6F0BBD-6634-4A00-80CA-4100012979D5}"
EndProject
Global
	GlobalSection(SolutionConfigurationPlatforms) = preSolution
		Debug|Any CPU = Debug|Any CPU
		Release|Any CPU = Release|Any CPU
	EndGlobalSection
	GlobalSection(ProjectConfigurationPlatforms) = postSolution
		{9716E2DF-F880-4488-BF86-3166BA9019C8}.Debug|Any CPU.ActiveCfg = Debug|Any CPU
		{9716E2DF-F880-4488-BF86-3166BA9019C8}.Debug|Any CPU.Build.0 = Debug|Any CPU
		{9716E2DF-F880-4488-BF86-3166BA9019C8}.Release|Any CPU.ActiveCfg = Release|Any CPU
		{9716E2DF-F880-4488-BF86-3166BA9019C8}.Release|Any CPU.Build.0 = Release|Any CPU
		{7E6F0BBD-6634-4A00-80CA-4100012979D5}.Debug|Any CPU.ActiveCfg = Debug|Any CPU
		{7E6F0BBD-6634-4A00-80CA-4100012979D5}.Debug|Any CPU.Build.0 = Debug|Any CPU
		{7E6F0BBD-6634-4A00-80CA-4100012979D5}.Release|Any CPU.ActiveCfg = Release|Any CPU
		{7E6F0BBD-6634-4A00-80CA-4100012979D5}.Release|Any CPU.Build.0 = Release|Any CPU
	EndGlobalSection
	GlobalSection(SolutionProperties) = preSolution
		HideSolutionNode = FALSE
	EndGlobalSection
	GlobalSection(ExtensibilityGlobals) = postSolution
		SolutionGuid = {07C45019-A608-437E-B5C8-FBC490E156C2}
	EndGlobalSection
EndGlobal
